// !$*UTF8*$!
{
	archiveVersion = 1;
	classes = {
	};
	objectVersion = 50;
	objects = {

/* Begin PBXBuildFile section */
		EA8C6DEC24B17E3600D67E88 /* AppDelegate.swift in Sources */ = {isa = PBXBuildFile; fileRef = EA8C6DEB24B17E3600D67E88 /* AppDelegate.swift */; };
		EA8C6DEE24B17E3600D67E88 /* SceneDelegate.swift in Sources */ = {isa = PBXBuildFile; fileRef = EA8C6DED24B17E3600D67E88 /* SceneDelegate.swift */; };
		EA8C6DF024B17E3600D67E88 /* ContentView.swift in Sources */ = {isa = PBXBuildFile; fileRef = EA8C6DEF24B17E3600D67E88 /* ContentView.swift */; };
		EA8C6DF224B17E3800D67E88 /* Assets.xcassets in Resources */ = {isa = PBXBuildFile; fileRef = EA8C6DF124B17E3800D67E88 /* Assets.xcassets */; };
		EA8C6DF524B17E3800D67E88 /* Preview Assets.xcassets in Resources */ = {isa = PBXBuildFile; fileRef = EA8C6DF424B17E3800D67E88 /* Preview Assets.xcassets */; };
		EA8C6DF824B17E3800D67E88 /* LaunchScreen.storyboard in Resources */ = {isa = PBXBuildFile; fileRef = EA8C6DF624B17E3800D67E88 /* LaunchScreen.storyboard */; };
		EA8C6E0324B17E3800D67E88 /* EmergencyAlertTests.swift in Sources */ = {isa = PBXBuildFile; fileRef = EA8C6E0224B17E3800D67E88 /* EmergencyAlertTests.swift */; };
		EA8C6E0E24B17E3800D67E88 /* EmergencyAlertUITests.swift in Sources */ = {isa = PBXBuildFile; fileRef = EA8C6E0D24B17E3800D67E88 /* EmergencyAlertUITests.swift */; };
		EA8C6E1C24B17FE400D67E88 /* LocalNotificationManager.swift in Sources */ = {isa = PBXBuildFile; fileRef = EA8C6E1B24B17FE400D67E88 /* LocalNotificationManager.swift */; };
/* End PBXBuildFile section */

/* Begin PBXContainerItemProxy section */
		EA8C6DFF24B17E3800D67E88 /* PBXContainerItemProxy */ = {
			isa = PBXContainerItemProxy;
			containerPortal = EA8C6DE024B17E3600D67E88 /* Project object */;
			proxyType = 1;
			remoteGlobalIDString = EA8C6DE724B17E3600D67E88;
			remoteInfo = EmergencyAlert;
		};
		EA8C6E0A24B17E3800D67E88 /* PBXContainerItemProxy */ = {
			isa = PBXContainerItemProxy;
			containerPortal = EA8C6DE024B17E3600D67E88 /* Project object */;
			proxyType = 1;
			remoteGlobalIDString = EA8C6DE724B17E3600D67E88;
			remoteInfo = EmergencyAlert;
		};
/* End PBXContainerItemProxy section */

/* Begin PBXFileReference section */
		EA8C6DE824B17E3600D67E88 /* 긴급재난문자.app */ = {isa = PBXFileReference; explicitFileType = wrapper.application; includeInIndex = 0; path = "긴급재난문자.app"; sourceTree = BUILT_PRODUCTS_DIR; };
		EA8C6DEB24B17E3600D67E88 /* AppDelegate.swift */ = {isa = PBXFileReference; lastKnownFileType = sourcecode.swift; path = AppDelegate.swift; sourceTree = "<group>"; };
		EA8C6DED24B17E3600D67E88 /* SceneDelegate.swift */ = {isa = PBXFileReference; lastKnownFileType = sourcecode.swift; path = SceneDelegate.swift; sourceTree = "<group>"; };
		EA8C6DEF24B17E3600D67E88 /* ContentView.swift */ = {isa = PBXFileReference; lastKnownFileType = sourcecode.swift; path = ContentView.swift; sourceTree = "<group>"; };
		EA8C6DF124B17E3800D67E88 /* Assets.xcassets */ = {isa = PBXFileReference; lastKnownFileType = folder.assetcatalog; path = Assets.xcassets; sourceTree = "<group>"; };
		EA8C6DF424B17E3800D67E88 /* Preview Assets.xcassets */ = {isa = PBXFileReference; lastKnownFileType = folder.assetcatalog; path = "Preview Assets.xcassets"; sourceTree = "<group>"; };
		EA8C6DF724B17E3800D67E88 /* Base */ = {isa = PBXFileReference; lastKnownFileType = file.storyboard; name = Base; path = Base.lproj/LaunchScreen.storyboard; sourceTree = "<group>"; };
		EA8C6DF924B17E3800D67E88 /* Info.plist */ = {isa = PBXFileReference; lastKnownFileType = text.plist.xml; path = Info.plist; sourceTree = "<group>"; };
		EA8C6DFE24B17E3800D67E88 /* EmergencyAlertTests.xctest */ = {isa = PBXFileReference; explicitFileType = wrapper.cfbundle; includeInIndex = 0; path = EmergencyAlertTests.xctest; sourceTree = BUILT_PRODUCTS_DIR; };
		EA8C6E0224B17E3800D67E88 /* EmergencyAlertTests.swift */ = {isa = PBXFileReference; lastKnownFileType = sourcecode.swift; path = EmergencyAlertTests.swift; sourceTree = "<group>"; };
		EA8C6E0424B17E3800D67E88 /* Info.plist */ = {isa = PBXFileReference; lastKnownFileType = text.plist.xml; path = Info.plist; sourceTree = "<group>"; };
		EA8C6E0924B17E3800D67E88 /* EmergencyAlertUITests.xctest */ = {isa = PBXFileReference; explicitFileType = wrapper.cfbundle; includeInIndex = 0; path = EmergencyAlertUITests.xctest; sourceTree = BUILT_PRODUCTS_DIR; };
		EA8C6E0D24B17E3800D67E88 /* EmergencyAlertUITests.swift */ = {isa = PBXFileReference; lastKnownFileType = sourcecode.swift; path = EmergencyAlertUITests.swift; sourceTree = "<group>"; };
		EA8C6E0F24B17E3800D67E88 /* Info.plist */ = {isa = PBXFileReference; lastKnownFileType = text.plist.xml; path = Info.plist; sourceTree = "<group>"; };
		EA8C6E1B24B17FE400D67E88 /* LocalNotificationManager.swift */ = {isa = PBXFileReference; lastKnownFileType = sourcecode.swift; path = LocalNotificationManager.swift; sourceTree = "<group>"; };
/* End PBXFileReference section */

/* Begin PBXFrameworksBuildPhase section */
		EA8C6DE524B17E3600D67E88 /* Frameworks */ = {
			isa = PBXFrameworksBuildPhase;
			buildActionMask = 2147483647;
			files = (
			);
			runOnlyForDeploymentPostprocessing = 0;
		};
		EA8C6DFB24B17E3800D67E88 /* Frameworks */ = {
			isa = PBXFrameworksBuildPhase;
			buildActionMask = 2147483647;
			files = (
			);
			runOnlyForDeploymentPostprocessing = 0;
		};
		EA8C6E0624B17E3800D67E88 /* Frameworks */ = {
			isa = PBXFrameworksBuildPhase;
			buildActionMask = 2147483647;
			files = (
			);
			runOnlyForDeploymentPostprocessing = 0;
		};
/* End PBXFrameworksBuildPhase section */

/* Begin PBXGroup section */
		EA8C6DDF24B17E3600D67E88 = {
			isa = PBXGroup;
			children = (
				EA8C6DEA24B17E3600D67E88 /* EmergencyAlert */,
				EA8C6E0124B17E3800D67E88 /* EmergencyAlertTests */,
				EA8C6E0C24B17E3800D67E88 /* EmergencyAlertUITests */,
				EA8C6DE924B17E3600D67E88 /* Products */,
			);
			sourceTree = "<group>";
		};
		EA8C6DE924B17E3600D67E88 /* Products */ = {
			isa = PBXGroup;
			children = (
				EA8C6DE824B17E3600D67E88 /* 긴급재난문자.app */,
				EA8C6DFE24B17E3800D67E88 /* EmergencyAlertTests.xctest */,
				EA8C6E0924B17E3800D67E88 /* EmergencyAlertUITests.xctest */,
			);
			name = Products;
			sourceTree = "<group>";
		};
		EA8C6DEA24B17E3600D67E88 /* EmergencyAlert */ = {
			isa = PBXGroup;
			children = (
				EA8C6DEB24B17E3600D67E88 /* AppDelegate.swift */,
				EA8C6DED24B17E3600D67E88 /* SceneDelegate.swift */,
				EA8C6DEF24B17E3600D67E88 /* ContentView.swift */,
				EA8C6E1B24B17FE400D67E88 /* LocalNotificationManager.swift */,
				EA8C6DF124B17E3800D67E88 /* Assets.xcassets */,
				EA8C6DF624B17E3800D67E88 /* LaunchScreen.storyboard */,
				EA8C6DF924B17E3800D67E88 /* Info.plist */,
				EA8C6DF324B17E3800D67E88 /* Preview Content */,
			);
			path = EmergencyAlert;
			sourceTree = "<group>";
		};
		EA8C6DF324B17E3800D67E88 /* Preview Content */ = {
			isa = PBXGroup;
			children = (
				EA8C6DF424B17E3800D67E88 /* Preview Assets.xcassets */,
			);
			path = "Preview Content";
			sourceTree = "<group>";
		};
		EA8C6E0124B17E3800D67E88 /* EmergencyAlertTests */ = {
			isa = PBXGroup;
			children = (
				EA8C6E0224B17E3800D67E88 /* EmergencyAlertTests.swift */,
				EA8C6E0424B17E3800D67E88 /* Info.plist */,
			);
			path = EmergencyAlertTests;
			sourceTree = "<group>";
		};
		EA8C6E0C24B17E3800D67E88 /* EmergencyAlertUITests */ = {
			isa = PBXGroup;
			children = (
				EA8C6E0D24B17E3800D67E88 /* EmergencyAlertUITests.swift */,
				EA8C6E0F24B17E3800D67E88 /* Info.plist */,
			);
			path = EmergencyAlertUITests;
			sourceTree = "<group>";
		};
/* End PBXGroup section */

/* Begin PBXNativeTarget section */
		EA8C6DE724B17E3600D67E88 /* EmergencyAlert */ = {
			isa = PBXNativeTarget;
			buildConfigurationList = EA8C6E1224B17E3800D67E88 /* Build configuration list for PBXNativeTarget "EmergencyAlert" */;
			buildPhases = (
				EA8C6DE424B17E3600D67E88 /* Sources */,
				EA8C6DE524B17E3600D67E88 /* Frameworks */,
				EA8C6DE624B17E3600D67E88 /* Resources */,
			);
			buildRules = (
			);
			dependencies = (
			);
			name = EmergencyAlert;
			productName = EmergencyAlert;
			productReference = EA8C6DE824B17E3600D67E88 /* 긴급재난문자.app */;
			productType = "com.apple.product-type.application";
		};
		EA8C6DFD24B17E3800D67E88 /* EmergencyAlertTests */ = {
			isa = PBXNativeTarget;
			buildConfigurationList = EA8C6E1524B17E3800D67E88 /* Build configuration list for PBXNativeTarget "EmergencyAlertTests" */;
			buildPhases = (
				EA8C6DFA24B17E3800D67E88 /* Sources */,
				EA8C6DFB24B17E3800D67E88 /* Frameworks */,
				EA8C6DFC24B17E3800D67E88 /* Resources */,
			);
			buildRules = (
			);
			dependencies = (
				EA8C6E0024B17E3800D67E88 /* PBXTargetDependency */,
			);
			name = EmergencyAlertTests;
			productName = EmergencyAlertTests;
			productReference = EA8C6DFE24B17E3800D67E88 /* EmergencyAlertTests.xctest */;
			productType = "com.apple.product-type.bundle.unit-test";
		};
		EA8C6E0824B17E3800D67E88 /* EmergencyAlertUITests */ = {
			isa = PBXNativeTarget;
			buildConfigurationList = EA8C6E1824B17E3800D67E88 /* Build configuration list for PBXNativeTarget "EmergencyAlertUITests" */;
			buildPhases = (
				EA8C6E0524B17E3800D67E88 /* Sources */,
				EA8C6E0624B17E3800D67E88 /* Frameworks */,
				EA8C6E0724B17E3800D67E88 /* Resources */,
			);
			buildRules = (
			);
			dependencies = (
				EA8C6E0B24B17E3800D67E88 /* PBXTargetDependency */,
			);
			name = EmergencyAlertUITests;
			productName = EmergencyAlertUITests;
			productReference = EA8C6E0924B17E3800D67E88 /* EmergencyAlertUITests.xctest */;
			productType = "com.apple.product-type.bundle.ui-testing";
		};
/* End PBXNativeTarget section */

/* Begin PBXProject section */
		EA8C6DE024B17E3600D67E88 /* Project object */ = {
			isa = PBXProject;
			attributes = {
				LastSwiftUpdateCheck = 1150;
				LastUpgradeCheck = 1150;
				ORGANIZATIONNAME = Jeonghun;
				TargetAttributes = {
					EA8C6DE724B17E3600D67E88 = {
						CreatedOnToolsVersion = 11.5;
					};
					EA8C6DFD24B17E3800D67E88 = {
						CreatedOnToolsVersion = 11.5;
						TestTargetID = EA8C6DE724B17E3600D67E88;
					};
					EA8C6E0824B17E3800D67E88 = {
						CreatedOnToolsVersion = 11.5;
						TestTargetID = EA8C6DE724B17E3600D67E88;
					};
				};
			};
			buildConfigurationList = EA8C6DE324B17E3600D67E88 /* Build configuration list for PBXProject "EmergencyAlert" */;
			compatibilityVersion = "Xcode 9.3";
			developmentRegion = en;
			hasScannedForEncodings = 0;
			knownRegions = (
				en,
				Base,
			);
			mainGroup = EA8C6DDF24B17E3600D67E88;
			productRefGroup = EA8C6DE924B17E3600D67E88 /* Products */;
			projectDirPath = "";
			projectRoot = "";
			targets = (
				EA8C6DE724B17E3600D67E88 /* EmergencyAlert */,
				EA8C6DFD24B17E3800D67E88 /* EmergencyAlertTests */,
				EA8C6E0824B17E3800D67E88 /* EmergencyAlertUITests */,
			);
		};
/* End PBXProject section */

/* Begin PBXResourcesBuildPhase section */
		EA8C6DE624B17E3600D67E88 /* Resources */ = {
			isa = PBXResourcesBuildPhase;
			buildActionMask = 2147483647;
			files = (
				EA8C6DF824B17E3800D67E88 /* LaunchScreen.storyboard in Resources */,
				EA8C6DF524B17E3800D67E88 /* Preview Assets.xcassets in Resources */,
				EA8C6DF224B17E3800D67E88 /* Assets.xcassets in Resources */,
			);
			runOnlyForDeploymentPostprocessing = 0;
		};
		EA8C6DFC24B17E3800D67E88 /* Resources */ = {
			isa = PBXResourcesBuildPhase;
			buildActionMask = 2147483647;
			files = (
			);
			runOnlyForDeploymentPostprocessing = 0;
		};
		EA8C6E0724B17E3800D67E88 /* Resources */ = {
			isa = PBXResourcesBuildPhase;
			buildActionMask = 2147483647;
			files = (
			);
			runOnlyForDeploymentPostprocessing = 0;
		};
/* End PBXResourcesBuildPhase section */

/* Begin PBXSourcesBuildPhase section */
		EA8C6DE424B17E3600D67E88 /* Sources */ = {
			isa = PBXSourcesBuildPhase;
			buildActionMask = 2147483647;
			files = (
				EA8C6DEC24B17E3600D67E88 /* AppDelegate.swift in Sources */,
				EA8C6DEE24B17E3600D67E88 /* SceneDelegate.swift in Sources */,
				EA8C6E1C24B17FE400D67E88 /* LocalNotificationManager.swift in Sources */,
				EA8C6DF024B17E3600D67E88 /* ContentView.swift in Sources */,
			);
			runOnlyForDeploymentPostprocessing = 0;
		};
		EA8C6DFA24B17E3800D67E88 /* Sources */ = {
			isa = PBXSourcesBuildPhase;
			buildActionMask = 2147483647;
			files = (
				EA8C6E0324B17E3800D67E88 /* EmergencyAlertTests.swift in Sources */,
			);
			runOnlyForDeploymentPostprocessing = 0;
		};
		EA8C6E0524B17E3800D67E88 /* Sources */ = {
			isa = PBXSourcesBuildPhase;
			buildActionMask = 2147483647;
			files = (
				EA8C6E0E24B17E3800D67E88 /* EmergencyAlertUITests.swift in Sources */,
			);
			runOnlyForDeploymentPostprocessing = 0;
		};
/* End PBXSourcesBuildPhase section */

/* Begin PBXTargetDependency section */
		EA8C6E0024B17E3800D67E88 /* PBXTargetDependency */ = {
			isa = PBXTargetDependency;
			target = EA8C6DE724B17E3600D67E88 /* EmergencyAlert */;
			targetProxy = EA8C6DFF24B17E3800D67E88 /* PBXContainerItemProxy */;
		};
		EA8C6E0B24B17E3800D67E88 /* PBXTargetDependency */ = {
			isa = PBXTargetDependency;
			target = EA8C6DE724B17E3600D67E88 /* EmergencyAlert */;
			targetProxy = EA8C6E0A24B17E3800D67E88 /* PBXContainerItemProxy */;
		};
/* End PBXTargetDependency section */

/* Begin PBXVariantGroup section */
		EA8C6DF624B17E3800D67E88 /* LaunchScreen.storyboard */ = {
			isa = PBXVariantGroup;
			children = (
				EA8C6DF724B17E3800D67E88 /* Base */,
			);
			name = LaunchScreen.storyboard;
			sourceTree = "<group>";
		};
/* End PBXVariantGroup section */

/* Begin XCBuildConfiguration section */
		EA8C6E1024B17E3800D67E88 /* Debug */ = {
			isa = XCBuildConfiguration;
			buildSettings = {
				ALWAYS_SEARCH_USER_PATHS = NO;
				CLANG_ANALYZER_NONNULL = YES;
				CLANG_ANALYZER_NUMBER_OBJECT_CONVERSION = YES_AGGRESSIVE;
				CLANG_CXX_LANGUAGE_STANDARD = "gnu++14";
				CLANG_CXX_LIBRARY = "libc++";
				CLANG_ENABLE_MODULES = YES;
				CLANG_ENABLE_OBJC_ARC = YES;
				CLANG_ENABLE_OBJC_WEAK = YES;
				CLANG_WARN_BLOCK_CAPTURE_AUTORELEASING = YES;
				CLANG_WARN_BOOL_CONVERSION = YES;
				CLANG_WARN_COMMA = YES;
				CLANG_WARN_CONSTANT_CONVERSION = YES;
				CLANG_WARN_DEPRECATED_OBJC_IMPLEMENTATIONS = YES;
				CLANG_WARN_DIRECT_OBJC_ISA_USAGE = YES_ERROR;
				CLANG_WARN_DOCUMENTATION_COMMENTS = YES;
				CLANG_WARN_EMPTY_BODY = YES;
				CLANG_WARN_ENUM_CONVERSION = YES;
				CLANG_WARN_INFINITE_RECURSION = YES;
				CLANG_WARN_INT_CONVERSION = YES;
				CLANG_WARN_NON_LITERAL_NULL_CONVERSION = YES;
				CLANG_WARN_OBJC_IMPLICIT_RETAIN_SELF = YES;
				CLANG_WARN_OBJC_LITERAL_CONVERSION = YES;
				CLANG_WARN_OBJC_ROOT_CLASS = YES_ERROR;
				CLANG_WARN_RANGE_LOOP_ANALYSIS = YES;
				CLANG_WARN_STRICT_PROTOTYPES = YES;
				CLANG_WARN_SUSPICIOUS_MOVE = YES;
				CLANG_WARN_UNGUARDED_AVAILABILITY = YES_AGGRESSIVE;
				CLANG_WARN_UNREACHABLE_CODE = YES;
				CLANG_WARN__DUPLICATE_METHOD_MATCH = YES;
				COPY_PHASE_STRIP = NO;
				DEBUG_INFORMATION_FORMAT = dwarf;
				ENABLE_STRICT_OBJC_MSGSEND = YES;
				ENABLE_TESTABILITY = YES;
				GCC_C_LANGUAGE_STANDARD = gnu11;
				GCC_DYNAMIC_NO_PIC = NO;
				GCC_NO_COMMON_BLOCKS = YES;
				GCC_OPTIMIZATION_LEVEL = 0;
				GCC_PREPROCESSOR_DEFINITIONS = (
					"DEBUG=1",
					"$(inherited)",
				);
				GCC_WARN_64_TO_32_BIT_CONVERSION = YES;
				GCC_WARN_ABOUT_RETURN_TYPE = YES_ERROR;
				GCC_WARN_UNDECLARED_SELECTOR = YES;
				GCC_WARN_UNINITIALIZED_AUTOS = YES_AGGRESSIVE;
				GCC_WARN_UNUSED_FUNCTION = YES;
				GCC_WARN_UNUSED_VARIABLE = YES;
				IPHONEOS_DEPLOYMENT_TARGET = 13.5;
				MTL_ENABLE_DEBUG_INFO = INCLUDE_SOURCE;
				MTL_FAST_MATH = YES;
				ONLY_ACTIVE_ARCH = YES;
				SDKROOT = iphoneos;
				SWIFT_ACTIVE_COMPILATION_CONDITIONS = DEBUG;
				SWIFT_OPTIMIZATION_LEVEL = "-Onone";
			};
			name = Debug;
		};
		EA8C6E1124B17E3800D67E88 /* Release */ = {
			isa = XCBuildConfiguration;
			buildSettings = {
				ALWAYS_SEARCH_USER_PATHS = NO;
				CLANG_ANALYZER_NONNULL = YES;
				CLANG_ANALYZER_NUMBER_OBJECT_CONVERSION = YES_AGGRESSIVE;
				CLANG_CXX_LANGUAGE_STANDARD = "gnu++14";
				CLANG_CXX_LIBRARY = "libc++";
				CLANG_ENABLE_MODULES = YES;
				CLANG_ENABLE_OBJC_ARC = YES;
				CLANG_ENABLE_OBJC_WEAK = YES;
				CLANG_WARN_BLOCK_CAPTURE_AUTORELEASING = YES;
				CLANG_WARN_BOOL_CONVERSION = YES;
				CLANG_WARN_COMMA = YES;
				CLANG_WARN_CONSTANT_CONVERSION = YES;
				CLANG_WARN_DEPRECATED_OBJC_IMPLEMENTATIONS = YES;
				CLANG_WARN_DIRECT_OBJC_ISA_USAGE = YES_ERROR;
				CLANG_WARN_DOCUMENTATION_COMMENTS = YES;
				CLANG_WARN_EMPTY_BODY = YES;
				CLANG_WARN_ENUM_CONVERSION = YES;
				CLANG_WARN_INFINITE_RECURSION = YES;
				CLANG_WARN_INT_CONVERSION = YES;
				CLANG_WARN_NON_LITERAL_NULL_CONVERSION = YES;
				CLANG_WARN_OBJC_IMPLICIT_RETAIN_SELF = YES;
				CLANG_WARN_OBJC_LITERAL_CONVERSION = YES;
				CLANG_WARN_OBJC_ROOT_CLASS = YES_ERROR;
				CLANG_WARN_RANGE_LOOP_ANALYSIS = YES;
				CLANG_WARN_STRICT_PROTOTYPES = YES;
				CLANG_WARN_SUSPICIOUS_MOVE = YES;
				CLANG_WARN_UNGUARDED_AVAILABILITY = YES_AGGRESSIVE;
				CLANG_WARN_UNREACHABLE_CODE = YES;
				CLANG_WARN__DUPLICATE_METHOD_MATCH = YES;
				COPY_PHASE_STRIP = NO;
				DEBUG_INFORMATION_FORMAT = "dwarf-with-dsym";
				ENABLE_NS_ASSERTIONS = NO;
				ENABLE_STRICT_OBJC_MSGSEND = YES;
				GCC_C_LANGUAGE_STANDARD = gnu11;
				GCC_NO_COMMON_BLOCKS = YES;
				GCC_WARN_64_TO_32_BIT_CONVERSION = YES;
				GCC_WARN_ABOUT_RETURN_TYPE = YES_ERROR;
				GCC_WARN_UNDECLARED_SELECTOR = YES;
				GCC_WARN_UNINITIALIZED_AUTOS = YES_AGGRESSIVE;
				GCC_WARN_UNUSED_FUNCTION = YES;
				GCC_WARN_UNUSED_VARIABLE = YES;
				IPHONEOS_DEPLOYMENT_TARGET = 13.5;
				MTL_ENABLE_DEBUG_INFO = NO;
				MTL_FAST_MATH = YES;
				SDKROOT = iphoneos;
				SWIFT_COMPILATION_MODE = wholemodule;
				SWIFT_OPTIMIZATION_LEVEL = "-O";
				VALIDATE_PRODUCT = YES;
			};
			name = Release;
		};
		EA8C6E1324B17E3800D67E88 /* Debug */ = {
			isa = XCBuildConfiguration;
			buildSettings = {
				ASSETCATALOG_COMPILER_APPICON_NAME = AppIcon;
				CODE_SIGN_STYLE = Automatic;
				DEVELOPMENT_ASSET_PATHS = "\"EmergencyAlert/Preview Content\"";
				DEVELOPMENT_TEAM = 3XYMD77H2Y;
				ENABLE_PREVIEWS = YES;
				INFOPLIST_FILE = EmergencyAlert/Info.plist;
				LD_RUNPATH_SEARCH_PATHS = (
					"$(inherited)",
					"@executable_path/Frameworks",
				);
				PRODUCT_BUNDLE_IDENTIFIER = kr.jhun.emerge;
				PRODUCT_NAME = "긴급재난문자";
				SWIFT_VERSION = 5.0;
				TARGETED_DEVICE_FAMILY = 1;
			};
			name = Debug;
		};
		EA8C6E1424B17E3800D67E88 /* Release */ = {
			isa = XCBuildConfiguration;
			buildSettings = {
				ASSETCATALOG_COMPILER_APPICON_NAME = AppIcon;
				CODE_SIGN_STYLE = Automatic;
				DEVELOPMENT_ASSET_PATHS = "\"EmergencyAlert/Preview Content\"";
				DEVELOPMENT_TEAM = 3XYMD77H2Y;
				ENABLE_PREVIEWS = YES;
				INFOPLIST_FILE = EmergencyAlert/Info.plist;
				LD_RUNPATH_SEARCH_PATHS = (
					"$(inherited)",
					"@executable_path/Frameworks",
				);
				PRODUCT_BUNDLE_IDENTIFIER = kr.jhun.emerge;
				PRODUCT_NAME = "긴급재난문자";
				SWIFT_VERSION = 5.0;
				TARGETED_DEVICE_FAMILY = 1;
			};
			name = Release;
		};
		EA8C6E1624B17E3800D67E88 /* Debug */ = {
			isa = XCBuildConfiguration;
			buildSettings = {
				ALWAYS_EMBED_SWIFT_STANDARD_LIBRARIES = YES;
				BUNDLE_LOADER = "$(TEST_HOST)";
				CODE_SIGN_STYLE = Automatic;
				DEVELOPMENT_TEAM = 3XYMD77H2Y;
				INFOPLIST_FILE = EmergencyAlertTests/Info.plist;
				IPHONEOS_DEPLOYMENT_TARGET = 13.5;
				LD_RUNPATH_SEARCH_PATHS = (
					"$(inherited)",
					"@executable_path/Frameworks",
					"@loader_path/Frameworks",
				);
				PRODUCT_BUNDLE_IDENTIFIER = kr.jhun.EmergencyAlertTests;
				PRODUCT_NAME = "$(TARGET_NAME)";
				SWIFT_VERSION = 5.0;
				TARGETED_DEVICE_FAMILY = "1,2";
				TEST_HOST = "$(BUILT_PRODUCTS_DIR)/EmergencyAlert.app/EmergencyAlert";
			};
			name = Debug;
		};
		EA8C6E1724B17E3800D67E88 /* Release */ = {
			isa = XCBuildConfiguration;
			buildSettings = {
				ALWAYS_EMBED_SWIFT_STANDARD_LIBRARIES = YES;
				BUNDLE_LOADER = "$(TEST_HOST)";
				CODE_SIGN_STYLE = Automatic;
				DEVELOPMENT_TEAM = 3XYMD77H2Y;
				INFOPLIST_FILE = EmergencyAlertTests/Info.plist;
				IPHONEOS_DEPLOYMENT_TARGET = 13.5;
				LD_RUNPATH_SEARCH_PATHS = (
					"$(inherited)",
					"@executable_path/Frameworks",
					"@loader_path/Frameworks",
				);
				PRODUCT_BUNDLE_IDENTIFIER = kr.jhun.EmergencyAlertTests;
				PRODUCT_NAME = "$(TARGET_NAME)";
				SWIFT_VERSION = 5.0;
				TARGETED_DEVICE_FAMILY = "1,2";
				TEST_HOST = "$(BUILT_PRODUCTS_DIR)/EmergencyAlert.app/EmergencyAlert";
			};
			name = Release;
		};
		EA8C6E1924B17E3800D67E88 /* Debug */ = {
			isa = XCBuildConfiguration;
			buildSettings = {
				ALWAYS_EMBED_SWIFT_STANDARD_LIBRARIES = YES;
				CODE_SIGN_STYLE = Automatic;
				DEVELOPMENT_TEAM = 3XYMD77H2Y;
				INFOPLIST_FILE = EmergencyAlertUITests/Info.plist;
				LD_RUNPATH_SEARCH_PATHS = (
					"$(inherited)",
					"@executable_path/Frameworks",
					"@loader_path/Frameworks",
				);
				PRODUCT_BUNDLE_IDENTIFIER = kr.jhun.EmergencyAlertUITests;
				PRODUCT_NAME = "$(TARGET_NAME)";
				SWIFT_VERSION = 5.0;
				TARGETED_DEVICE_FAMILY = "1,2";
				TEST_TARGET_NAME = EmergencyAlert;
			};
			name = Debug;
		};
		EA8C6E1A24B17E3800D67E88 /* Release */ = {
			isa = XCBuildConfiguration;
			buildSettings = {
				ALWAYS_EMBED_SWIFT_STANDARD_LIBRARIES = YES;
				CODE_SIGN_STYLE = Automatic;
				DEVELOPMENT_TEAM = 3XYMD77H2Y;
				INFOPLIST_FILE = EmergencyAlertUITests/Info.plist;
				LD_RUNPATH_SEARCH_PATHS = (
					"$(inherited)",
					"@executable_path/Frameworks",
					"@loader_path/Frameworks",
				);
				PRODUCT_BUNDLE_IDENTIFIER = kr.jhun.EmergencyAlertUITests;
				PRODUCT_NAME = "$(TARGET_NAME)";
				SWIFT_VERSION = 5.0;
				TARGETED_DEVICE_FAMILY = "1,2";
				TEST_TARGET_NAME = EmergencyAlert;
			};
			name = Release;
		};
/* End XCBuildConfiguration section */

/* Begin XCConfigurationList section */
		EA8C6DE324B17E3600D67E88 /* Build configuration list for PBXProject "EmergencyAlert" */ = {
			isa = XCConfigurationList;
			buildConfigurations = (
				EA8C6E1024B17E3800D67E88 /* Debug */,
				EA8C6E1124B17E3800D67E88 /* Release */,
			);
			defaultConfigurationIsVisible = 0;
			defaultConfigurationName = Release;
		};
		EA8C6E1224B17E3800D67E88 /* Build configuration list for PBXNativeTarget "EmergencyAlert" */ = {
			isa = XCConfigurationList;
			buildConfigurations = (
				EA8C6E1324B17E3800D67E88 /* Debug */,
				EA8C6E1424B17E3800D67E88 /* Release */,
			);
			defaultConfigurationIsVisible = 0;
			defaultConfigurationName = Release;
		};
		EA8C6E1524B17E3800D67E88 /* Build configuration list for PBXNativeTarget "EmergencyAlertTests" */ = {
			isa = XCConfigurationList;
			buildConfigurations = (
				EA8C6E1624B17E3800D67E88 /* Debug */,
				EA8C6E1724B17E3800D67E88 /* Release */,
			);
			defaultConfigurationIsVisible = 0;
			defaultConfigurationName = Release;
		};
		EA8C6E1824B17E3800D67E88 /* Build configuration list for PBXNativeTarget "EmergencyAlertUITests" */ = {
			isa = XCConfigurationList;
			buildConfigurations = (
				EA8C6E1924B17E3800D67E88 /* Debug */,
				EA8C6E1A24B17E3800D67E88 /* Release */,
			);
			defaultConfigurationIsVisible = 0;
			defaultConfigurationName = Release;
		};
/* End XCConfigurationList section */
	};
	rootObject = EA8C6DE024B17E3600D67E88 /* Project object */;
}
